
Microsoft Visual Studio Solution File, Format Version 12.00
Project("{FAE04EC0-301F-11D3-BF4B-00C04F79EFBC}") = "Web", "Web\Web.csproj", "{26F6C9A7-BE66-48A3-8606-2180996EA632}"
EndProject
Project("{FAE04EC0-301F-11D3-BF4B-00C04F79EFBC}") = "Services", "Services\Services.csproj", "{12EE1E3F-D1C3-4A6B-AE7B-04A8DF39F170}"
EndProject
Global
	GlobalSection(SolutionConfigurationPlatforms) = preSolution
		Debug|Any CPU = Debug|Any CPU
		Release|Any CPU = Release|Any CPU
	EndGlobalSection
	GlobalSection(ProjectConfigurationPlatforms) = postSolution
		{26F6C9A7-BE66-48A3-8606-2180996EA632}.Debug|Any CPU.ActiveCfg = Debug|Any CPU
		{26F6C9A7-BE66-48A3-8606-2180996EA632}.Debug|Any CPU.Build.0 = Debug|Any CPU
		{26F6C9A7-BE66-48A3-8606-2180996EA632}.Release|Any CPU.ActiveCfg = Release|Any CPU
		{26F6C9A7-BE66-48A3-8606-2180996EA632}.Release|Any CPU.Build.0 = Release|Any CPU
		{12EE1E3F-D1C3-4A6B-AE7B-04A8DF39F170}.Debug|Any CPU.ActiveCfg = Debug|Any CPU
		{12EE1E3F-D1C3-4A6B-AE7B-04A8DF39F170}.Debug|Any CPU.Build.0 = Debug|Any CPU
		{12EE1E3F-D1C3-4A6B-AE7B-04A8DF39F170}.Release|Any CPU.ActiveCfg = Release|Any CPU
		{12EE1E3F-D1C3-4A6B-AE7B-04A8DF39F170}.Release|Any CPU.Build.0 = Release|Any CPU
	EndGlobalSection
EndGlobal
